version = 1
revision = 3
requires-python = "==3.13.*"

[[package]]
name = "ads1015"
version = "1.0.0"
source = { registry = "https://pypi.org/simple" }
dependencies = [
    { name = "i2cdevice" },
]
sdist = { url = "https://files.pythonhosted.org/packages/44/c5/c8135fb184dd9d8a75d9c2155cd0484a0c11ef2e94a3f5eafe901897c176/ads1015-1.0.0.tar.gz", hash = "sha256:0995e66ee7cbba9d7760ad122340a956b3050ab5bb2505ba06c554742f446180", size = 12387, upload-time = "2023-10-30T16:00:29.707Z" }
wheels = [
    { url = "https://files.pythonhosted.org/packages/16/cf/def7de4d79d090f59cd2fd2f0b4715a869505d765f30963be2fd1c7d7c68/ads1015-1.0.0-py3-none-any.whl", hash = "sha256:3497a7457f045b4abd049e96ab3a5ff95603a3b08b36273e4dfa6234964130df", size = 9036, upload-time = "2023-10-30T16:00:27.769Z" },
]

[[package]]
name = "astral"
version = "3.2"
source = { registry = "https://pypi.org/simple" }
dependencies = [
    { name = "tzdata", marker = "sys_platform == 'win32'" },
]
sdist = { url = "https://files.pythonhosted.org/packages/04/d1/1adbf06a38dc339e41a1666f6c7135924594c20fd46e060fb263248c564d/astral-3.2.tar.gz", hash = "sha256:9b7c3b412e9e69d172cfb24be0e6addcc9f1bd01a28db8bebe66d75ccc533d88", size = 48075, upload-time = "2022-11-05T18:12:02.913Z" }
wheels = [
    { url = "https://files.pythonhosted.org/packages/2d/80/d6edd9c3259913cfe39aff2bea4da65de5ad0235a578405e37aabace5f2c/astral-3.2-py3-none-any.whl", hash = "sha256:cb7b49a3f0d4c64ae666be131276d2a3226134c598db10e672028cf8ff855f83", size = 38325, upload-time = "2022-11-05T18:12:01.164Z" },
]

[[package]]
name = "cffi"
version = "2.0.0"
source = { registry = "https://pypi.org/simple" }
dependencies = [
    { name = "pycparser", marker = "implementation_name != 'PyPy'" },
]
sdist = { url = "https://files.pythonhosted.org/packages/eb/56/b1ba7935a17738ae8453301356628e8147c79dbb825bcbc73dc7401f9846/cffi-2.0.0.tar.gz", hash = "sha256:44d1b5909021139fe36001ae048dbdde8214afa20200eda0f64c068cac5d5529", size = 523588, upload-time = "2025-09-08T23:24:04.541Z" }
wheels = [
    { url = "https://files.pythonhosted.org/packages/4b/8d/a0a47a0c9e413a658623d014e91e74a50cdd2c423f7ccfd44086ef767f90/cffi-2.0.0-cp313-cp313-macosx_10_13_x86_64.whl", hash = "sha256:00bdf7acc5f795150faa6957054fbbca2439db2f775ce831222b66f192f03beb", size = 185230, upload-time = "2025-09-08T23:23:00.879Z" },
    { url = "https://files.pythonhosted.org/packages/4a/d2/a6c0296814556c68ee32009d9c2ad4f85f2707cdecfd7727951ec228005d/cffi-2.0.0-cp313-cp313-macosx_11_0_arm64.whl", hash = "sha256:45d5e886156860dc35862657e1494b9bae8dfa63bf56796f2fb56e1679fc0bca", size = 181043, upload-time = "2025-09-08T23:23:02.231Z" },
    { url = "https://files.pythonhosted.org/packages/b0/1e/d22cc63332bd59b06481ceaac49d6c507598642e2230f201649058a7e704/cffi-2.0.0-cp313-cp313-manylinux1_i686.manylinux2014_i686.manylinux_2_17_i686.manylinux_2_5_i686.whl", hash = "sha256:07b271772c100085dd28b74fa0cd81c8fb1a3ba18b21e03d7c27f3436a10606b", size = 212446, upload-time = "2025-09-08T23:23:03.472Z" },
    { url = "https://files.pythonhosted.org/packages/a9/f5/a2c23eb03b61a0b8747f211eb716446c826ad66818ddc7810cc2cc19b3f2/cffi-2.0.0-cp313-cp313-manylinux2014_aarch64.manylinux_2_17_aarch64.whl", hash = "sha256:d48a880098c96020b02d5a1f7d9251308510ce8858940e6fa99ece33f610838b", size = 220101, upload-time = "2025-09-08T23:23:04.792Z" },
    { url = "https://files.pythonhosted.org/packages/f2/7f/e6647792fc5850d634695bc0e6ab4111ae88e89981d35ac269956605feba/cffi-2.0.0-cp313-cp313-manylinux2014_ppc64le.manylinux_2_17_ppc64le.whl", hash = "sha256:f93fd8e5c8c0a4aa1f424d6173f14a892044054871c771f8566e4008eaa359d2", size = 207948, upload-time = "2025-09-08T23:23:06.127Z" },
    { url = "https://files.pythonhosted.org/packages/cb/1e/a5a1bd6f1fb30f22573f76533de12a00bf274abcdc55c8edab639078abb6/cffi-2.0.0-cp313-cp313-manylinux2014_s390x.manylinux_2_17_s390x.whl", hash = "sha256:dd4f05f54a52fb558f1ba9f528228066954fee3ebe629fc1660d874d040ae5a3", size = 206422, upload-time = "2025-09-08T23:23:07.753Z" },
    { url = "https://files.pythonhosted.org/packages/98/df/0a1755e750013a2081e863e7cd37e0cdd02664372c754e5560099eb7aa44/cffi-2.0.0-cp313-cp313-manylinux2014_x86_64.manylinux_2_17_x86_64.whl", hash = "sha256:c8d3b5532fc71b7a77c09192b4a5a200ea992702734a2e9279a37f2478236f26", size = 219499, upload-time = "2025-09-08T23:23:09.648Z" },
    { url = "https://files.pythonhosted.org/packages/50/e1/a969e687fcf9ea58e6e2a928ad5e2dd88cc12f6f0ab477e9971f2309b57c/cffi-2.0.0-cp313-cp313-musllinux_1_2_aarch64.whl", hash = "sha256:d9b29c1f0ae438d5ee9acb31cadee00a58c46cc9c0b2f9038c6b0b3470877a8c", size = 222928, upload-time = "2025-09-08T23:23:10.928Z" },
    { url = "https://files.pythonhosted.org/packages/36/54/0362578dd2c9e557a28ac77698ed67323ed5b9775ca9d3fe73fe191bb5d8/cffi-2.0.0-cp313-cp313-musllinux_1_2_x86_64.whl", hash = "sha256:6d50360be4546678fc1b79ffe7a66265e28667840010348dd69a314145807a1b", size = 221302, upload-time = "2025-09-08T23:23:12.42Z" },
    { url = "https://files.pythonhosted.org/packages/eb/6d/bf9bda840d5f1dfdbf0feca87fbdb64a918a69bca42cfa0ba7b137c48cb8/cffi-2.0.0-cp313-cp313-win32.whl", hash = "sha256:74a03b9698e198d47562765773b4a8309919089150a0bb17d829ad7b44b60d27", size = 172909, upload-time = "2025-09-08T23:23:14.32Z" },
    { url = "https://files.pythonhosted.org/packages/37/18/6519e1ee6f5a1e579e04b9ddb6f1676c17368a7aba48299c3759bbc3c8b3/cffi-2.0.0-cp313-cp313-win_amd64.whl", hash = "sha256:19f705ada2530c1167abacb171925dd886168931e0a7b78f5bffcae5c6b5be75", size = 183402, upload-time = "2025-09-08T23:23:15.535Z" },
    { url = "https://files.pythonhosted.org/packages/cb/0e/02ceeec9a7d6ee63bb596121c2c8e9b3a9e150936f4fbef6ca1943e6137c/cffi-2.0.0-cp313-cp313-win_arm64.whl", hash = "sha256:256f80b80ca3853f90c21b23ee78cd008713787b1b1e93eae9f3d6a7134abd91", size = 177780, upload-time = "2025-09-08T23:23:16.761Z" },
]

[[package]]
name = "enviroplus"
version = "1.0.2"
source = { registry = "https://pypi.org/simple" }
dependencies = [
    { name = "ads1015" },
    { name = "astral" },
    { name = "font-roboto" },
    { name = "fonts" },
    { name = "gpiod" },
    { name = "gpiodevice" },
    { name = "ltr559" },
    { name = "paho-mqtt" },
    { name = "pimoroni-bme280" },
    { name = "pms5003" },
    { name = "pytz" },
    { name = "sounddevice" },
    { name = "st7735" },
]
sdist = { url = "https://files.pythonhosted.org/packages/7f/3e/69d7bba671bbfc76d6e186357a86ca7657af1081c858fbc7ec39a52414f0/enviroplus-1.0.2.tar.gz", hash = "sha256:c617098af8ad60d0429ca02e6c4fe989f7cd4486313c2b51a12d27bf8c45c2dd", size = 125718, upload-time = "2024-04-23T10:19:06.204Z" }
wheels = [
    { url = "https://files.pythonhosted.org/packages/7f/b8/cc9474738a3441d2ee59c478deb173758a29893adaa25d98dd4e0e668778/enviroplus-1.0.2-py3-none-any.whl", hash = "sha256:e3e862f08554f89183ea419c072b4a8647d69cc8dd256579453f4b38076edd04", size = 10554, upload-time = "2024-04-23T10:19:04.437Z" },
]

[[package]]
name = "envirostation-device"
version = "0.1.0"
source = { virtual = "." }
dependencies = [
    { name = "enviroplus" },
    { name = "pillow" },
    { name = "python-dotenv" },
    { name = "smbus2" },
]

[package.metadata]
requires-dist = [
    { name = "enviroplus", specifier = ">=1.0.2" },
    { name = "pillow", specifier = ">=12.1.1" },
    { name = "python-dotenv", specifier = ">=1.2.1" },
    { name = "smbus2", specifier = ">=0.6.0" },
]

[[package]]
name = "font-roboto"
version = "0.0.1"
source = { registry = "https://pypi.org/simple" }
sdist = { url = "https://files.pythonhosted.org/packages/79/9d/1e44c56b126ade67ed034fc8ba5a75f3dc926dd339820755bb71899d59b5/font-roboto-0.0.1.tar.gz", hash = "sha256:8bc9136bf46609fbb13af4783016799b14e23dda294a61791171de7ea2ec457f", size = 2357688, upload-time = "2019-10-11T10:23:02.179Z" }

[[package]]
name = "fonts"
version = "0.0.3"
source = { registry = "https://pypi.org/simple" }
sdist = { url = "https://files.pythonhosted.org/packages/2a/b8/a418ce2393809882f7f3e0a948f148ae2fb396e24b84b3148f37b4e9ac0e/fonts-0.0.3.tar.gz", hash = "sha256:c626655b75a60715e118e44e270656fd22fd8f54252901ff6ebf1308ad01c405", size = 2876, upload-time = "2018-10-03T15:47:33.659Z" }
wheels = [
    { url = "https://files.pythonhosted.org/packages/3e/6a/ff04b5b3d22389aa57d09989ea708b93ca8f09ff57828d1ffb12ae6424a6/fonts-0.0.3-py3-none-any.whl", hash = "sha256:e5f551379088ab260c2537980c3ccdff8af93408d9d4fa3319388d2ee25b7b6d", size = 4170, upload-time = "2018-10-03T15:47:32.382Z" },
]

[[package]]
name = "gpiod"
version = "2.4.0"
source = { registry = "https://pypi.org/simple" }
sdist = { url = "https://files.pythonhosted.org/packages/0c/dc/5a6bd309345bd9cfa7e098174ab7e65367e408539b6c1998e4f267c673cd/gpiod-2.4.0.tar.gz", hash = "sha256:9243a1a59d084ec749d1df4a1e2f238ffb9d94515b0d9f5335460175143c3aa1", size = 58180, upload-time = "2025-10-24T14:58:08.584Z" }
wheels = [
    { url = "https://files.pythonhosted.org/packages/31/5c/2fdbddb0e6adf1de37e72ad9e27dba37b8b51db587475cb0e17fb5988c59/gpiod-2.4.0-cp313-cp313-manylinux2014_aarch64.manylinux_2_17_aarch64.manylinux_2_28_aarch64.whl", hash = "sha256:dec7722e8d861cab36c3e789acd90ed7f692d7480a4f2cdd39e1fedbaf87395a", size = 104146, upload-time = "2025-10-24T14:57:53.443Z" },
    { url = "https://files.pythonhosted.org/packages/cc/5a/5347749831d29c821a7890a08baa2b7ab99df37ee5a9f233c42da00a75d5/gpiod-2.4.0-cp313-cp313-manylinux2014_x86_64.manylinux_2_17_x86_64.manylinux_2_28_x86_64.whl", hash = "sha256:7352d0a29c2be03faa6e95ba3d02b045e4b14882bb8fc92ec8316272294acc44", size = 103794, upload-time = "2025-10-24T14:57:54.501Z" },
    { url = "https://files.pythonhosted.org/packages/43/8c/d8ea7fa1c5432b1efc4903f9619c0d3f7aaafa32eaf1c932c60da6efcf17/gpiod-2.4.0-cp313-cp313-musllinux_1_2_aarch64.whl", hash = "sha256:34a77bb0f5bf3d8174877b817cfedb839bacc965a7c7149f77b068bbe7c282c1", size = 102643, upload-time = "2025-10-24T14:57:56.726Z" },
    { url = "https://files.pythonhosted.org/packages/61/5e/b920d1c6549259ff64a2348a2a1f28b08eb7c26c6c8f0aa64f96cdb3aeb4/gpiod-2.4.0-cp313-cp313-musllinux_1_2_x86_64.whl", hash = "sha256:03720d249191e3aeed66b9c178a65ec2f289e7a5d9ae4d35ec09f39ee27fd8c0", size = 102524, upload-time = "2025-10-24T14:57:57.821Z" },
]

[[package]]
name = "gpiodevice"
version = "0.0.5"
source = { registry = "https://pypi.org/simple" }
dependencies = [
    { name = "gpiod" },
]
sdist = { url = "https://files.pythonhosted.org/packages/bf/4f/c1b1266953cfcd0708e2a4376696e42b69bc5fe3559a66e2eb71501ac072/gpiodevice-0.0.5.tar.gz", hash = "sha256:cca01ff4319e0ba906ff46dcb8113d8d532b3f5ee03d683d8a11037c8e89140c", size = 10602, upload-time = "2024-04-29T09:33:28.181Z" }
wheels = [
    { url = "https://files.pythonhosted.org/packages/d1/55/2ecb558c8f5a4700b2e7cc5a8d6077347543cd2c3e0c7de72b8a35d4afa4/gpiodevice-0.0.5-py3-none-any.whl", hash = "sha256:b808250cd1d89379b69f98cc6442b6b098aa32604c3ed7fb194a39607ee35253", size = 9227, upload-time = "2024-04-29T09:33:26.52Z" },
]

[[package]]
name = "i2cdevice"
version = "1.0.0"
source = { registry = "https://pypi.org/simple" }
dependencies = [
    { name = "smbus2" },
]
sdist = { url = "https://files.pythonhosted.org/packages/c3/9f/017fbfac4f1c69be128b59f432a16d5d9559794c1975c926bd549596bbfe/i2cdevice-1.0.0.tar.gz", hash = "sha256:a9a5d1666a11b6733d16c73f148fc85cba767dd1b976e5bcc56ad970986c96c4", size = 17023, upload-time = "2023-10-30T11:59:46.688Z" }
wheels = [
    { url = "https://files.pythonhosted.org/packages/25/0c/38c1b44e9233378fad579ce89040d934d12c53ed8536982ad26a6a3bab7f/i2cdevice-1.0.0-py3-none-any.whl", hash = "sha256:595cfa3815aab4d8a4bbe1cbd4a4e1271d56cf7c1de367eab6a94dd80566f0c1", size = 10801, upload-time = "2023-10-30T11:59:43.562Z" },
]

[[package]]
name = "ltr559"
version = "1.0.0"
source = { registry = "https://pypi.org/simple" }
dependencies = [
    { name = "i2cdevice" },
]
sdist = { url = "https://files.pythonhosted.org/packages/7e/df/b0e17994aeeff9f42cdcf9558c3e807a9a9e06a002c831c4ba84e6c298ae/ltr559-1.0.0.tar.gz", hash = "sha256:5efe5940faeeb42ee3a7b8fca3c0b4c6ceb6005e4dca59e20a086e8fe1bdaf29", size = 15388, upload-time = "2023-11-08T10:02:22.846Z" }
wheels = [
    { url = "https://files.pythonhosted.org/packages/7e/2b/7d3ba717e669c8eea16a8b4b4f48438169b56322cbb0f60417cbac8ac565/ltr559-1.0.0-py3-none-any.whl", hash = "sha256:0805f2d9ab43b2f622847ec71cb6fbca2b91b396aafb121d911172a366a56c3d", size = 10669, upload-time = "2023-11-08T10:02:21.405Z" },
]

[[package]]
name = "numpy"
version = "2.4.2"
source = { registry = "https://pypi.org/simple" }
sdist = { url = "https://files.pythonhosted.org/packages/57/fd/0005efbd0af48e55eb3c7208af93f2862d4b1a56cd78e84309a2d959208d/numpy-2.4.2.tar.gz", hash = "sha256:659a6107e31a83c4e33f763942275fd278b21d095094044eb35569e86a21ddae", size = 20723651, upload-time = "2026-01-31T23:13:10.135Z" }
wheels = [
    { url = "https://files.pythonhosted.org/packages/a1/22/815b9fe25d1d7ae7d492152adbc7226d3eff731dffc38fe970589fcaaa38/numpy-2.4.2-cp313-cp313-macosx_10_13_x86_64.whl", hash = "sha256:25f2059807faea4b077a2b6837391b5d830864b3543627f381821c646f31a63c", size = 16663696, upload-time = "2026-01-31T23:11:17.516Z" },
    { url = "https://files.pythonhosted.org/packages/09/f0/817d03a03f93ba9c6c8993de509277d84e69f9453601915e4a69554102a1/numpy-2.4.2-cp313-cp313-macosx_11_0_arm64.whl", hash = "sha256:bd3a7a9f5847d2fb8c2c6d1c862fa109c31a9abeca1a3c2bd5a64572955b2979", size = 14688322, upload-time = "2026-01-31T23:11:19.883Z" },
    { url = "https://files.pythonhosted.org/packages/da/b4/f805ab79293c728b9a99438775ce51885fd4f31b76178767cfc718701a39/numpy-2.4.2-cp313-cp313-macosx_14_0_arm64.whl", hash = "sha256:8e4549f8a3c6d13d55041925e912bfd834285ef1dd64d6bc7d542583355e2e98", size = 5198157, upload-time = "2026-01-31T23:11:22.375Z" },
    { url = "https://files.pythonhosted.org/packages/74/09/826e4289844eccdcd64aac27d13b0fd3f32039915dd5b9ba01baae1f436c/numpy-2.4.2-cp313-cp313-macosx_14_0_x86_64.whl", hash = "sha256:aea4f66ff44dfddf8c2cffd66ba6538c5ec67d389285292fe428cb2c738c8aef", size = 6546330, upload-time = "2026-01-31T23:11:23.958Z" },
    { url = "https://files.pythonhosted.org/packages/19/fb/cbfdbfa3057a10aea5422c558ac57538e6acc87ec1669e666d32ac198da7/numpy-2.4.2-cp313-cp313-manylinux_2_27_aarch64.manylinux_2_28_aarch64.whl", hash = "sha256:c3cd545784805de05aafe1dde61752ea49a359ccba9760c1e5d1c88a93bbf2b7", size = 15660968, upload-time = "2026-01-31T23:11:25.713Z" },
    { url = "https://files.pythonhosted.org/packages/04/dc/46066ce18d01645541f0186877377b9371b8fa8017fa8262002b4ef22612/numpy-2.4.2-cp313-cp313-manylinux_2_27_x86_64.manylinux_2_28_x86_64.whl", hash = "sha256:d0d9b7c93578baafcbc5f0b83eaf17b79d345c6f36917ba0c67f45226911d499", size = 16607311, upload-time = "2026-01-31T23:11:28.117Z" },
    { url = "https://files.pythonhosted.org/packages/14/d9/4b5adfc39a43fa6bf918c6d544bc60c05236cc2f6339847fc5b35e6cb5b0/numpy-2.4.2-cp313-cp313-musllinux_1_2_aarch64.whl", hash = "sha256:f74f0f7779cc7ae07d1810aab8ac6b1464c3eafb9e283a40da7309d5e6e48fbb", size = 17012850, upload-time = "2026-01-31T23:11:30.888Z" },
    { url = "https://files.pythonhosted.org/packages/b7/20/adb6e6adde6d0130046e6fdfb7675cc62bc2f6b7b02239a09eb58435753d/numpy-2.4.2-cp313-cp313-musllinux_1_2_x86_64.whl", hash = "sha256:c7ac672d699bf36275c035e16b65539931347d68b70667d28984c9fb34e07fa7", size = 18334210, upload-time = "2026-01-31T23:11:33.214Z" },
    { url = "https://files.pythonhosted.org/packages/78/0e/0a73b3dff26803a8c02baa76398015ea2a5434d9b8265a7898a6028c1591/numpy-2.4.2-cp313-cp313-win32.whl", hash = "sha256:8e9afaeb0beff068b4d9cd20d322ba0ee1cecfb0b08db145e4ab4dd44a6b5110", size = 5958199, upload-time = "2026-01-31T23:11:35.385Z" },
    { url = "https://files.pythonhosted.org/packages/43/bc/6352f343522fcb2c04dbaf94cb30cca6fd32c1a750c06ad6231b4293708c/numpy-2.4.2-cp313-cp313-win_amd64.whl", hash = "sha256:7df2de1e4fba69a51c06c28f5a3de36731eb9639feb8e1cf7e4a7b0daf4cf622", size = 12310848, upload-time = "2026-01-31T23:11:38.001Z" },
    { url = "https://files.pythonhosted.org/packages/6e/8d/6da186483e308da5da1cc6918ce913dcfe14ffde98e710bfeff2a6158d4e/numpy-2.4.2-cp313-cp313-win_arm64.whl", hash = "sha256:0fece1d1f0a89c16b03442eae5c56dc0be0c7883b5d388e0c03f53019a4bfd71", size = 10221082, upload-time = "2026-01-31T23:11:40.392Z" },
    { url = "https://files.pythonhosted.org/packages/25/a1/9510aa43555b44781968935c7548a8926274f815de42ad3997e9e83680dd/numpy-2.4.2-cp313-cp313t-macosx_11_0_arm64.whl", hash = "sha256:5633c0da313330fd20c484c78cdd3f9b175b55e1a766c4a174230c6b70ad8262", size = 14815866, upload-time = "2026-01-31T23:11:42.495Z" },
    { url = "https://files.pythonhosted.org/packages/36/30/6bbb5e76631a5ae46e7923dd16ca9d3f1c93cfa8d4ed79a129814a9d8db3/numpy-2.4.2-cp313-cp313t-macosx_14_0_arm64.whl", hash = "sha256:d9f64d786b3b1dd742c946c42d15b07497ed14af1a1f3ce840cce27daa0ce913", size = 5325631, upload-time = "2026-01-31T23:11:44.7Z" },
    { url = "https://files.pythonhosted.org/packages/46/00/3a490938800c1923b567b3a15cd17896e68052e2145d8662aaf3e1ffc58f/numpy-2.4.2-cp313-cp313t-macosx_14_0_x86_64.whl", hash = "sha256:b21041e8cb6a1eb5312dd1d2f80a94d91efffb7a06b70597d44f1bd2dfc315ab", size = 6646254, upload-time = "2026-01-31T23:11:46.341Z" },
    { url = "https://files.pythonhosted.org/packages/d3/e9/fac0890149898a9b609caa5af7455a948b544746e4b8fe7c212c8edd71f8/numpy-2.4.2-cp313-cp313t-manylinux_2_27_aarch64.manylinux_2_28_aarch64.whl", hash = "sha256:00ab83c56211a1d7c07c25e3217ea6695e50a3e2f255053686b081dc0b091a82", size = 15720138, upload-time = "2026-01-31T23:11:48.082Z" },
    { url = "https://files.pythonhosted.org/packages/ea/5c/08887c54e68e1e28df53709f1893ce92932cc6f01f7c3d4dc952f61ffd4e/numpy-2.4.2-cp313-cp313t-manylinux_2_27_x86_64.manylinux_2_28_x86_64.whl", hash = "sha256:2fb882da679409066b4603579619341c6d6898fc83a8995199d5249f986e8e8f", size = 16655398, upload-time = "2026-01-31T23:11:50.293Z" },
    { url = "https://files.pythonhosted.org/packages/4d/89/253db0fa0e66e9129c745e4ef25631dc37d5f1314dad2b53e907b8538e6d/numpy-2.4.2-cp313-cp313t-musllinux_1_2_aarch64.whl", hash = "sha256:66cb9422236317f9d44b67b4d18f44efe6e9c7f8794ac0462978513359461554", size = 17079064, upload-time = "2026-01-31T23:11:52.927Z" },
    { url = "https://files.pythonhosted.org/packages/2a/d5/cbade46ce97c59c6c3da525e8d95b7abe8a42974a1dc5c1d489c10433e88/numpy-2.4.2-cp313-cp313t-musllinux_1_2_x86_64.whl", hash = "sha256:0f01dcf33e73d80bd8dc0f20a71303abbafa26a19e23f6b68d1aa9990af90257", size = 18379680, upload-time = "2026-01-31T23:11:55.22Z" },
    { url = "https://files.pythonhosted.org/packages/40/62/48f99ae172a4b63d981babe683685030e8a3df4f246c893ea5c6ef99f018/numpy-2.4.2-cp313-cp313t-win32.whl", hash = "sha256:52b913ec40ff7ae845687b0b34d8d93b60cb66dcee06996dd5c99f2fc9328657", size = 6082433, upload-time = "2026-01-31T23:11:58.096Z" },
    { url = "https://files.pythonhosted.org/packages/07/38/e054a61cfe48ad9f1ed0d188e78b7e26859d0b60ef21cd9de4897cdb5326/numpy-2.4.2-cp313-cp313t-win_amd64.whl", hash = "sha256:5eea80d908b2c1f91486eb95b3fb6fab187e569ec9752ab7d9333d2e66bf2d6b", size = 12451181, upload-time = "2026-01-31T23:11:59.782Z" },
    { url = "https://files.pythonhosted.org/packages/6e/a4/a05c3a6418575e185dd84d0b9680b6bb2e2dc3e4202f036b7b4e22d6e9dc/numpy-2.4.2-cp313-cp313t-win_arm64.whl", hash = "sha256:fd49860271d52127d61197bb50b64f58454e9f578cb4b2c001a6de8b1f50b0b1", size = 10290756, upload-time = "2026-01-31T23:12:02.438Z" },
]

[[package]]
name = "paho-mqtt"
version = "2.1.0"
source = { registry = "https://pypi.org/simple" }
sdist = { url = "https://files.pythonhosted.org/packages/39/15/0a6214e76d4d32e7f663b109cf71fb22561c2be0f701d67f93950cd40542/paho_mqtt-2.1.0.tar.gz", hash = "sha256:12d6e7511d4137555a3f6ea167ae846af2c7357b10bc6fa4f7c3968fc1723834", size = 148848, upload-time = "2024-04-29T19:52:55.591Z" }
wheels = [
    { url = "https://files.pythonhosted.org/packages/c4/cb/00451c3cf31790287768bb12c6bec834f5d292eaf3022afc88e14b8afc94/paho_mqtt-2.1.0-py3-none-any.whl", hash = "sha256:6db9ba9b34ed5bc6b6e3812718c7e06e2fd7444540df2455d2c51bd58808feee", size = 67219, upload-time = "2024-04-29T19:52:48.345Z" },
]

[[package]]
name = "pillow"
version = "12.1.1"
source = { registry = "https://pypi.org/simple" }
sdist = { url = "https://files.pythonhosted.org/packages/1f/42/5c74462b4fd957fcd7b13b04fb3205ff8349236ea74c7c375766d6c82288/pillow-12.1.1.tar.gz", hash = "sha256:9ad8fa5937ab05218e2b6a4cff30295ad35afd2f83ac592e68c0d871bb0fdbc4", size = 46980264, upload-time = "2026-02-11T04:23:07.146Z" }
wheels = [
    { url = "https://files.pythonhosted.org/packages/d5/11/6db24d4bd7685583caeae54b7009584e38da3c3d4488ed4cd25b439de486/pillow-12.1.1-cp313-cp313-ios_13_0_arm64_iphoneos.whl", hash = "sha256:d242e8ac078781f1de88bf823d70c1a9b3c7950a44cdf4b7c012e22ccbcd8e4e", size = 4062689, upload-time = "2026-02-11T04:21:06.804Z" },
    { url = "https://files.pythonhosted.org/packages/33/c0/ce6d3b1fe190f0021203e0d9b5b99e57843e345f15f9ef22fcd43842fd21/pillow-12.1.1-cp313-cp313-ios_13_0_arm64_iphonesimulator.whl", hash = "sha256:02f84dfad02693676692746df05b89cf25597560db2857363a208e393429f5e9", size = 4138535, upload-time = "2026-02-11T04:21:08.452Z" },
    { url = "https://files.pythonhosted.org/packages/a0/c6/d5eb6a4fb32a3f9c21a8c7613ec706534ea1cf9f4b3663e99f0d83f6fca8/pillow-12.1.1-cp313-cp313-ios_13_0_x86_64_iphonesimulator.whl", hash = "sha256:e65498daf4b583091ccbb2556c7000abf0f3349fcd57ef7adc9a84a394ed29f6", size = 3601364, upload-time = "2026-02-11T04:21:10.194Z" },
    { url = "https://files.pythonhosted.org/packages/14/a1/16c4b823838ba4c9c52c0e6bbda903a3fe5a1bdbf1b8eb4fff7156f3e318/pillow-12.1.1-cp313-cp313-macosx_10_13_x86_64.whl", hash = "sha256:6c6db3b84c87d48d0088943bf33440e0c42370b99b1c2a7989216f7b42eede60", size = 5262561, upload-time = "2026-02-11T04:21:11.742Z" },
    { url = "https://files.pythonhosted.org/packages/bb/ad/ad9dc98ff24f485008aa5cdedaf1a219876f6f6c42a4626c08bc4e80b120/pillow-12.1.1-cp313-cp313-macosx_11_0_arm64.whl", hash = "sha256:8b7e5304e34942bf62e15184219a7b5ad4ff7f3bb5cca4d984f37df1a0e1aee2", size = 4657460, upload-time = "2026-02-11T04:21:13.786Z" },
    { url = "https://files.pythonhosted.org/packages/9e/1b/f1a4ea9a895b5732152789326202a82464d5254759fbacae4deea3069334/pillow-12.1.1-cp313-cp313-manylinux2014_aarch64.manylinux_2_17_aarch64.whl", hash = "sha256:18e5bddd742a44b7e6b1e773ab5db102bd7a94c32555ba656e76d319d19c3850", size = 6232698, upload-time = "2026-02-11T04:21:15.949Z" },
    { url = "https://files.pythonhosted.org/packages/95/f4/86f51b8745070daf21fd2e5b1fe0eb35d4db9ca26e6d58366562fb56a743/pillow-12.1.1-cp313-cp313-manylinux2014_x86_64.manylinux_2_17_x86_64.whl", hash = "sha256:fc44ef1f3de4f45b50ccf9136999d71abb99dca7706bc75d222ed350b9fd2289", size = 8041706, upload-time = "2026-02-11T04:21:17.723Z" },
    { url = "https://files.pythonhosted.org/packages/29/9b/d6ecd956bb1266dd1045e995cce9b8d77759e740953a1c9aad9502a0461e/pillow-12.1.1-cp313-cp313-manylinux_2_27_aarch64.manylinux_2_28_aarch64.whl", hash = "sha256:5a8eb7ed8d4198bccbd07058416eeec51686b498e784eda166395a23eb99138e", size = 6346621, upload-time = "2026-02-11T04:21:19.547Z" },
    { url = "https://files.pythonhosted.org/packages/71/24/538bff45bde96535d7d998c6fed1a751c75ac7c53c37c90dc2601b243893/pillow-12.1.1-cp313-cp313-manylinux_2_27_x86_64.manylinux_2_28_x86_64.whl", hash = "sha256:47b94983da0c642de92ced1702c5b6c292a84bd3a8e1d1702ff923f183594717", size = 7038069, upload-time = "2026-02-11T04:21:21.378Z" },
    { url = "https://files.pythonhosted.org/packages/94/0e/58cb1a6bc48f746bc4cb3adb8cabff73e2742c92b3bf7a220b7cf69b9177/pillow-12.1.1-cp313-cp313-musllinux_1_2_aarch64.whl", hash = "sha256:518a48c2aab7ce596d3bf79d0e275661b846e86e4d0e7dec34712c30fe07f02a", size = 6460040, upload-time = "2026-02-11T04:21:23.148Z" },
    { url = "https://files.pythonhosted.org/packages/6c/57/9045cb3ff11eeb6c1adce3b2d60d7d299d7b273a2e6c8381a524abfdc474/pillow-12.1.1-cp313-cp313-musllinux_1_2_x86_64.whl", hash = "sha256:a550ae29b95c6dc13cf69e2c9dc5747f814c54eeb2e32d683e5e93af56caa029", size = 7164523, upload-time = "2026-02-11T04:21:25.01Z" },
    { url = "https://files.pythonhosted.org/packages/73/f2/9be9cb99f2175f0d4dbadd6616ce1bf068ee54a28277ea1bf1fbf729c250/pillow-12.1.1-cp313-cp313-win32.whl", hash = "sha256:a003d7422449f6d1e3a34e3dd4110c22148336918ddbfc6a32581cd54b2e0b2b", size = 6332552, upload-time = "2026-02-11T04:21:27.238Z" },
    { url = "https://files.pythonhosted.org/packages/3f/eb/b0834ad8b583d7d9d42b80becff092082a1c3c156bb582590fcc973f1c7c/pillow-12.1.1-cp313-cp313-win_amd64.whl", hash = "sha256:344cf1e3dab3be4b1fa08e449323d98a2a3f819ad20f4b22e77a0ede31f0faa1", size = 7040108, upload-time = "2026-02-11T04:21:29.462Z" },
    { url = "https://files.pythonhosted.org/packages/d5/7d/fc09634e2aabdd0feabaff4a32f4a7d97789223e7c2042fd805ea4b4d2c2/pillow-12.1.1-cp313-cp313-win_arm64.whl", hash = "sha256:5c0dd1636633e7e6a0afe7bf6a51a14992b7f8e60de5789018ebbdfae55b040a", size = 2453712, upload-time = "2026-02-11T04:21:31.072Z" },
    { url = "https://files.pythonhosted.org/packages/19/2a/b9d62794fc8a0dd14c1943df68347badbd5511103e0d04c035ffe5cf2255/pillow-12.1.1-cp313-cp313t-macosx_10_13_x86_64.whl", hash = "sha256:0330d233c1a0ead844fc097a7d16c0abff4c12e856c0b325f231820fee1f39da", size = 5264880, upload-time = "2026-02-11T04:21:32.865Z" },
    { url = "https://files.pythonhosted.org/packages/26/9d/e03d857d1347fa5ed9247e123fcd2a97b6220e15e9cb73ca0a8d91702c6e/pillow-12.1.1-cp313-cp313t-macosx_11_0_arm64.whl", hash = "sha256:5dae5f21afb91322f2ff791895ddd8889e5e947ff59f71b46041c8ce6db790bc", size = 4660616, upload-time = "2026-02-11T04:21:34.97Z" },
    { url = "https://files.pythonhosted.org/packages/f7/ec/8a6d22afd02570d30954e043f09c32772bfe143ba9285e2fdb11284952cd/pillow-12.1.1-cp313-cp313t-manylinux2014_aarch64.manylinux_2_17_aarch64.whl", hash = "sha256:2e0c664be47252947d870ac0d327fea7e63985a08794758aa8af5b6cb6ec0c9c", size = 6269008, upload-time = "2026-02-11T04:21:36.623Z" },
    { url = "https://files.pythonhosted.org/packages/3d/1d/6d875422c9f28a4a361f495a5f68d9de4a66941dc2c619103ca335fa6446/pillow-12.1.1-cp313-cp313t-manylinux2014_x86_64.manylinux_2_17_x86_64.whl", hash = "sha256:691ab2ac363b8217f7d31b3497108fb1f50faab2f75dfb03284ec2f217e87bf8", size = 8073226, upload-time = "2026-02-11T04:21:38.585Z" },
    { url = "https://files.pythonhosted.org/packages/a1/cd/134b0b6ee5eda6dc09e25e24b40fdafe11a520bc725c1d0bbaa5e00bf95b/pillow-12.1.1-cp313-cp313t-manylinux_2_27_aarch64.manylinux_2_28_aarch64.whl", hash = "sha256:e9e8064fb1cc019296958595f6db671fba95209e3ceb0c4734c9baf97de04b20", size = 6380136, upload-time = "2026-02-11T04:21:40.562Z" },
    { url = "https://files.pythonhosted.org/packages/7a/a9/7628f013f18f001c1b98d8fffe3452f306a70dc6aba7d931019e0492f45e/pillow-12.1.1-cp313-cp313t-manylinux_2_27_x86_64.manylinux_2_28_x86_64.whl", hash = "sha256:472a8d7ded663e6162dafdf20015c486a7009483ca671cece7a9279b512fcb13", size = 7067129, upload-time = "2026-02-11T04:21:42.521Z" },
    { url = "https://files.pythonhosted.org/packages/1e/f8/66ab30a2193b277785601e82ee2d49f68ea575d9637e5e234faaa98efa4c/pillow-12.1.1-cp313-cp313t-musllinux_1_2_aarch64.whl", hash = "sha256:89b54027a766529136a06cfebeecb3a04900397a3590fd252160b888479517bf", size = 6491807, upload-time = "2026-02-11T04:21:44.22Z" },
    { url = "https://files.pythonhosted.org/packages/da/0b/a877a6627dc8318fdb84e357c5e1a758c0941ab1ddffdafd231983788579/pillow-12.1.1-cp313-cp313t-musllinux_1_2_x86_64.whl", hash = "sha256:86172b0831b82ce4f7877f280055892b31179e1576aa00d0df3bb1bbf8c3e524", size = 7190954, upload-time = "2026-02-11T04:21:46.114Z" },
    { url = "https://files.pythonhosted.org/packages/83/43/6f732ff85743cf746b1361b91665d9f5155e1483817f693f8d57ea93147f/pillow-12.1.1-cp313-cp313t-win32.whl", hash = "sha256:44ce27545b6efcf0fdbdceb31c9a5bdea9333e664cda58a7e674bb74608b3986", size = 6336441, upload-time = "2026-02-11T04:21:48.22Z" },
    { url = "https://files.pythonhosted.org/packages/3b/44/e865ef3986611bb75bfabdf94a590016ea327833f434558801122979cd0e/pillow-12.1.1-cp313-cp313t-win_amd64.whl", hash = "sha256:a285e3eb7a5a45a2ff504e31f4a8d1b12ef62e84e5411c6804a42197c1cf586c", size = 7045383, upload-time = "2026-02-11T04:21:50.015Z" },
    { url = "https://files.pythonhosted.org/packages/a8/c6/f4fb24268d0c6908b9f04143697ea18b0379490cb74ba9e8d41b898bd005/pillow-12.1.1-cp313-cp313t-win_arm64.whl", hash = "sha256:cc7d296b5ea4d29e6570dabeaed58d31c3fea35a633a69679fb03d7664f43fb3", size = 2456104, upload-time = "2026-02-11T04:21:51.633Z" },
]

[[package]]
name = "pimoroni-bme280"
version = "1.0.0"
source = { registry = "https://pypi.org/simple" }
dependencies = [
    { name = "i2cdevice" },
]
sdist = { url = "https://files.pythonhosted.org/packages/69/6e/9b34cf9149e23fdd521440ae6a2786e77d542a4ccefef8bc2d00341a1f71/pimoroni_bme280-1.0.0.tar.gz", hash = "sha256:2cafc2b636535c5dc01df37c0b0bd8c0b5d0228da23a177ec8884c31db3ec05c", size = 13125, upload-time = "2023-11-15T11:12:56.48Z" }
wheels = [
    { url = "https://files.pythonhosted.org/packages/36/6c/76303eaaf79a2e8c68b00875fa8191c422639568e4dc9a3c5ec5b9a34604/pimoroni_bme280-1.0.0-py3-none-any.whl", hash = "sha256:7415a037ba3dd14ce40d705bb006e02f53b276c72aef75fda5ea86daef666a4f", size = 7808, upload-time = "2023-11-15T11:12:54.934Z" },
]

[[package]]
name = "pms5003"
version = "1.0.1"
source = { registry = "https://pypi.org/simple" }
dependencies = [
    { name = "gpiod" },
    { name = "gpiodevice" },
    { name = "pyserial" },
]
sdist = { url = "https://files.pythonhosted.org/packages/ee/49/0cba310a578061b80994f66b6f7924d511b2add0a68d7abb09bfb88b1f94/pms5003-1.0.1.tar.gz", hash = "sha256:92a248bd74910202beab5c2784b8a2f131a6c643eedff5502cc52652d415232b", size = 12459, upload-time = "2024-04-24T14:14:25.573Z" }
wheels = [
    { url = "https://files.pythonhosted.org/packages/4a/78/ae39517e1e0977397f273a9f9be9c0847e832365106a5090851dbd76c2a0/pms5003-1.0.1-py3-none-any.whl", hash = "sha256:38f51a40d1a09efb4bb7f6f01376dc870ed720253a664a1f4d1ae19581f6e3db", size = 7942, upload-time = "2024-04-24T14:13:59.625Z" },
]

[[package]]
name = "pycparser"
version = "3.0"
source = { registry = "https://pypi.org/simple" }
sdist = { url = "https://files.pythonhosted.org/packages/1b/7d/92392ff7815c21062bea51aa7b87d45576f649f16458d78b7cf94b9ab2e6/pycparser-3.0.tar.gz", hash = "sha256:600f49d217304a5902ac3c37e1281c9fe94e4d0489de643a9504c5cdfdfc6b29", size = 103492, upload-time = "2026-01-21T14:26:51.89Z" }
wheels = [
    { url = "https://files.pythonhosted.org/packages/0c/c3/44f3fbbfa403ea2a7c779186dc20772604442dde72947e7d01069cbe98e3/pycparser-3.0-py3-none-any.whl", hash = "sha256:b727414169a36b7d524c1c3e31839a521725078d7b2ff038656844266160a992", size = 48172, upload-time = "2026-01-21T14:26:50.693Z" },
]

[[package]]
name = "pyserial"
version = "3.5"
source = { registry = "https://pypi.org/simple" }
sdist = { url = "https://files.pythonhosted.org/packages/1e/7d/ae3f0a63f41e4d2f6cb66a5b57197850f919f59e558159a4dd3a818f5082/pyserial-3.5.tar.gz", hash = "sha256:3c77e014170dfffbd816e6ffc205e9842efb10be9f58ec16d3e8675b4925cddb", size = 159125, upload-time = "2020-11-23T03:59:15.045Z" }
wheels = [
    { url = "https://files.pythonhosted.org/packages/07/bc/587a445451b253b285629263eb51c2d8e9bcea4fc97826266d186f96f558/pyserial-3.5-py2.py3-none-any.whl", hash = "sha256:c4451db6ba391ca6ca299fb3ec7bae67a5c55dde170964c7a14ceefec02f2cf0", size = 90585, upload-time = "2020-11-23T03:59:13.41Z" },
]

[[package]]
name = "python-dotenv"
version = "1.2.1"
source = { registry = "https://pypi.org/simple" }
sdist = { url = "https://files.pythonhosted.org/packages/f0/26/19cadc79a718c5edbec86fd4919a6b6d3f681039a2f6d66d14be94e75fb9/python_dotenv-1.2.1.tar.gz", hash = "sha256:42667e897e16ab0d66954af0e60a9caa94f0fd4ecf3aaf6d2d260eec1aa36ad6", size = 44221, upload-time = "2025-10-26T15:12:10.434Z" }
wheels = [
    { url = "https://files.pythonhosted.org/packages/14/1b/a298b06749107c305e1fe0f814c6c74aea7b2f1e10989cb30f544a1b3253/python_dotenv-1.2.1-py3-none-any.whl", hash = "sha256:b81ee9561e9ca4004139c6cbba3a238c32b03e4894671e181b671e8cb8425d61", size = 21230, upload-time = "2025-10-26T15:12:09.109Z" },
]

[[package]]
name = "pytz"
version = "2025.2"
source = { registry = "https://pypi.org/simple" }
sdist = { url = "https://files.pythonhosted.org/packages/f8/bf/abbd3cdfb8fbc7fb3d4d38d320f2441b1e7cbe29be4f23797b4a2b5d8aac/pytz-2025.2.tar.gz", hash = "sha256:360b9e3dbb49a209c21ad61809c7fb453643e048b38924c765813546746e81c3", size = 320884, upload-time = "2025-03-25T02:25:00.538Z" }
wheels = [
    { url = "https://files.pythonhosted.org/packages/81/c4/34e93fe5f5429d7570ec1fa436f1986fb1f00c3e0f43a589fe2bbcd22c3f/pytz-2025.2-py2.py3-none-any.whl", hash = "sha256:5ddf76296dd8c44c26eb8f4b6f35488f3ccbf6fbbd7adee0b7262d43f0ec2f00", size = 509225, upload-time = "2025-03-25T02:24:58.468Z" },
]

[[package]]
name = "smbus2"
version = "0.6.0"
source = { registry = "https://pypi.org/simple" }
sdist = { url = "https://files.pythonhosted.org/packages/4e/36/afafd43770caae69f04e21402552a8f94a072def46a002fab9357f4852ce/smbus2-0.6.0.tar.gz", hash = "sha256:9b5ff1e998e114730f9dfe0c4babbef06c92468cfb61eaa684e30f225661b95b", size = 17403, upload-time = "2025-12-20T09:02:52.017Z" }
wheels = [
    { url = "https://files.pythonhosted.org/packages/a5/cf/2e1d6805da6f9c9b3a4358076ff2e072d828ba7fed124edc1b729e210c55/smbus2-0.6.0-py2.py3-none-any.whl", hash = "sha256:03d83d2a9a4afc5ddca0698ccabf101cb3de52bc5aefd7b76778ffb27ff654e0", size = 11849, upload-time = "2025-12-20T09:02:51.219Z" },
]

[[package]]
name = "sounddevice"
version = "0.5.5"
source = { registry = "https://pypi.org/simple" }
dependencies = [
    { name = "cffi" },
]
sdist = { url = "https://files.pythonhosted.org/packages/2a/f9/2592608737553638fca98e21e54bfec40bf577bb98a61b2770c912aab25e/sounddevice-0.5.5.tar.gz", hash = "sha256:22487b65198cb5bf2208755105b524f78ad173e5ab6b445bdab1c989f6698df3", size = 143191, upload-time = "2026-01-23T18:36:43.529Z" }
wheels = [
    { url = "https://files.pythonhosted.org/packages/1e/0a/478e441fd049002cf308520c0d62dd8333e7c6cc8d997f0dda07b9fbcc46/sounddevice-0.5.5-py3-none-any.whl", hash = "sha256:30ff99f6c107f49d25ad16a45cacd8d91c25a1bcdd3e81a206b921a3a6405b1f", size = 32807, upload-time = "2026-01-23T18:36:35.649Z" },
    { url = "https://files.pythonhosted.org/packages/56/f9/c037c35f6d0b6bc3bc7bfb314f1d6f1f9a341328ef47cd63fc4f850a7b27/sounddevice-0.5.5-py3-none-macosx_10_6_x86_64.macosx_10_6_universal2.whl", hash = "sha256:05eb9fd6c54c38d67741441c19164c0dae8ce80453af2d8c4ad2e7823d15b722", size = 108557, upload-time = "2026-01-23T18:36:37.41Z" },
    { url = "https://files.pythonhosted.org/packages/88/a1/d19dd9889cd4bce2e233c4fac007cd8daaf5b9fe6e6a5d432cf17be0b807/sounddevice-0.5.5-py3-none-win32.whl", hash = "sha256:1234cc9b4c9df97b6cbe748146ae0ec64dd7d6e44739e8e42eaa5b595313a103", size = 317765, upload-time = "2026-01-23T18:36:39.047Z" },
    { url = "https://files.pythonhosted.org/packages/c3/0e/002ed7c4c1c2ab69031f78989d3b789fee3a7fba9e586eb2b81688bf4961/sounddevice-0.5.5-py3-none-win_amd64.whl", hash = "sha256:cfc6b2c49fb7f555591c78cb8ecf48d6a637fd5b6e1db5fec6ed9365d64b3519", size = 365324, upload-time = "2026-01-23T18:36:40.496Z" },
    { url = "https://files.pythonhosted.org/packages/4e/39/a61d4b83a7746b70d23d9173be688c0c6bfc7173772344b7442c2c155497/sounddevice-0.5.5-py3-none-win_arm64.whl", hash = "sha256:3861901ddd8230d2e0e8ae62ac320cdd4c688d81df89da036dcb812f757bb3e6", size = 317115, upload-time = "2026-01-23T18:36:42.235Z" },
]

[[package]]
name = "spidev"
version = "3.8"
source = { registry = "https://pypi.org/simple" }
sdist = { url = "https://files.pythonhosted.org/packages/67/87/039b6eeea781598015b538691bc174cc0bf77df9d4d2d3b8bf9245c0de8c/spidev-3.8.tar.gz", hash = "sha256:2bc02fb8c6312d519ebf1f4331067427c0921d3f77b8bcaf05189a2e8b8382c0", size = 13893, upload-time = "2025-09-15T18:56:20.672Z" }

[[package]]
name = "st7735"
version = "1.0.0"
source = { registry = "https://pypi.org/simple" }
dependencies = [
    { name = "numpy" },
    { name = "spidev" },
]
sdist = { url = "https://files.pythonhosted.org/packages/59/e2/96baf395a81ff7237af7b62260b8049a2a2a14e940828221a96c7ce3d759/st7735-1.0.0.tar.gz", hash = "sha256:401dee9c1e1bcdf18df9a205876788d726bb170491e6cd6f8bc8a6ab16801e18", size = 62325, upload-time = "2023-11-15T10:29:55.337Z" }
wheels = [
    { url = "https://files.pythonhosted.org/packages/d9/00/8d3c5af2375969f840e3e24e309d9568c2fb8c438575b7acad4c148e38c6/st7735-1.0.0-py3-none-any.whl", hash = "sha256:20eb580e3d2462d8498ea5922cb5c1128abc46cbbc91998f07911054b3594f83", size = 11052, upload-time = "2023-11-15T10:29:53.64Z" },
]

[[package]]
name = "tzdata"
version = "2025.3"
source = { registry = "https://pypi.org/simple" }
sdist = { url = "https://files.pythonhosted.org/packages/5e/a7/c202b344c5ca7daf398f3b8a477eeb205cf3b6f32e7ec3a6bac0629ca975/tzdata-2025.3.tar.gz", hash = "sha256:de39c2ca5dc7b0344f2eba86f49d614019d29f060fc4ebc8a417896a620b56a7", size = 196772, upload-time = "2025-12-13T17:45:35.667Z" }
wheels = [
    { url = "https://files.pythonhosted.org/packages/c7/b0/003792df09decd6849a5e39c28b513c06e84436a54440380862b5aeff25d/tzdata-2025.3-py2.py3-none-any.whl", hash = "sha256:06a47e5700f3081aab02b2e513160914ff0694bce9947d6b76ebd6bf57cfc5d1", size = 348521, upload-time = "2025-12-13T17:45:33.889Z" },
]
